
Microsoft Visual Studio Solution File, Format Version 12.00
# Visual Studio Version 17
VisualStudioVersion = 17.0.31903.59
MinimumVisualStudioVersion = 10.0.40219.1
Project("{2150E333-8FDC-42A3-9474-1A3956D46DE8}") = "src", "src", "{827E0CD3-B72D-47B6-A68D-7590B98EB39B}"
EndProject
Project("{FAE04EC0-301F-11D3-BF4B-00C04F79EFBC}") = "RagSystem.Application", "src\RagSystem.Application\RagSystem.Application.csproj", "{4F8EA090-7E28-422D-BC82-71E6EB665929}"
EndProject
Project("{FAE04EC0-301F-11D3-BF4B-00C04F79EFBC}") = "RagSystem.Domain", "src\RagSystem.Domain\RagSystem.Domain.csproj", "{AD3AA641-6EAB-4893-8114-5331A49AE778}"
EndProject
Project("{FAE04EC0-301F-11D3-BF4B-00C04F79EFBC}") = "RagSystem.Infrastructure", "src\RagSystem.Infrastructure\RagSystem.Infrastructure.csproj", "{66BB51C7-9714-4F3F-9F69-EED2F7E551CA}"
EndProject
Project("{FAE04EC0-301F-11D3-BF4B-00C04F79EFBC}") = "RagSystem.Presentation", "src\RagSystem.Presentation\RagSystem.Presentation.csproj", "{37A8B003-CA82-4A60-B08B-EC56DF83FF7D}"
EndProject
Project("{FAE04EC0-301F-11D3-BF4B-00C04F79EFBC}") = "RagSystem.Shared", "src\RagSystem.Shared\RagSystem.Shared.csproj", "{9BCC3944-D288-45C5-91F1-D5ADC11F1D4A}"
EndProject
Project("{FAE04EC0-301F-11D3-BF4B-00C04F79EFBC}") = "RagSystem.Tests", "tests\RagSystem.Tests\RagSystem.Tests.csproj", "{C561CCA4-2649-46FD-B7C7-5CB030D6CAA6}"
EndProject
Global
	GlobalSection(SolutionConfigurationPlatforms) = preSolution
		Debug|Any CPU = Debug|Any CPU
		Debug|x64 = Debug|x64
		Debug|x86 = Debug|x86
		Release|Any CPU = Release|Any CPU
		Release|x64 = Release|x64
		Release|x86 = Release|x86
	EndGlobalSection
	GlobalSection(ProjectConfigurationPlatforms) = postSolution
		{4F8EA090-7E28-422D-BC82-71E6EB665929}.Debug|Any CPU.ActiveCfg = Debug|Any CPU
		{4F8EA090-7E28-422D-BC82-71E6EB665929}.Debug|Any CPU.Build.0 = Debug|Any CPU
		{4F8EA090-7E28-422D-BC82-71E6EB665929}.Debug|x64.ActiveCfg = Debug|Any CPU
		{4F8EA090-7E28-422D-BC82-71E6EB665929}.Debug|x64.Build.0 = Debug|Any CPU
		{4F8EA090-7E28-422D-BC82-71E6EB665929}.Debug|x86.ActiveCfg = Debug|Any CPU
		{4F8EA090-7E28-422D-BC82-71E6EB665929}.Debug|x86.Build.0 = Debug|Any CPU
		{4F8EA090-7E28-422D-BC82-71E6EB665929}.Release|Any CPU.ActiveCfg = Release|Any CPU
		{4F8EA090-7E28-422D-BC82-71E6EB665929}.Release|Any CPU.Build.0 = Release|Any CPU
		{4F8EA090-7E28-422D-BC82-71E6EB665929}.Release|x64.ActiveCfg = Release|Any CPU
		{4F8EA090-7E28-422D-BC82-71E6EB665929}.Release|x64.Build.0 = Release|Any CPU
		{4F8EA090-7E28-422D-BC82-71E6EB665929}.Release|x86.ActiveCfg = Release|Any CPU
		{4F8EA090-7E28-422D-BC82-71E6EB665929}.Release|x86.Build.0 = Release|Any CPU
		{AD3AA641-6EAB-4893-8114-5331A49AE778}.Debug|Any CPU.ActiveCfg = Debug|Any CPU
		{AD3AA641-6EAB-4893-8114-5331A49AE778}.Debug|Any CPU.Build.0 = Debug|Any CPU
		{AD3AA641-6EAB-4893-8114-5331A49AE778}.Debug|x64.ActiveCfg = Debug|Any CPU
		{AD3AA641-6EAB-4893-8114-5331A49AE778}.Debug|x64.Build.0 = Debug|Any CPU
		{AD3AA641-6EAB-4893-8114-5331A49AE778}.Debug|x86.ActiveCfg = Debug|Any CPU
		{AD3AA641-6EAB-4893-8114-5331A49AE778}.Debug|x86.Build.0 = Debug|Any CPU
		{AD3AA641-6EAB-4893-8114-5331A49AE778}.Release|Any CPU.ActiveCfg = Release|Any CPU
		{AD3AA641-6EAB-4893-8114-5331A49AE778}.Release|Any CPU.Build.0 = Release|Any CPU
		{AD3AA641-6EAB-4893-8114-5331A49AE778}.Release|x64.ActiveCfg = Release|Any CPU
		{AD3AA641-6EAB-4893-8114-5331A49AE778}.Release|x64.Build.0 = Release|Any CPU
		{AD3AA641-6EAB-4893-8114-5331A49AE778}.Release|x86.ActiveCfg = Release|Any CPU
		{AD3AA641-6EAB-4893-8114-5331A49AE778}.Release|x86.Build.0 = Release|Any CPU
		{66BB51C7-9714-4F3F-9F69-EED2F7E551CA}.Debug|Any CPU.ActiveCfg = Debug|Any CPU
		{66BB51C7-9714-4F3F-9F69-EED2F7E551CA}.Debug|Any CPU.Build.0 = Debug|Any CPU
		{66BB51C7-9714-4F3F-9F69-EED2F7E551CA}.Debug|x64.ActiveCfg = Debug|Any CPU
		{66BB51C7-9714-4F3F-9F69-EED2F7E551CA}.Debug|x64.Build.0 = Debug|Any CPU
		{66BB51C7-9714-4F3F-9F69-EED2F7E551CA}.Debug|x86.ActiveCfg = Debug|Any CPU
		{66BB51C7-9714-4F3F-9F69-EED2F7E551CA}.Debug|x86.Build.0 = Debug|Any CPU
		{66BB51C7-9714-4F3F-9F69-EED2F7E551CA}.Release|Any CPU.ActiveCfg = Release|Any CPU
		{66BB51C7-9714-4F3F-9F69-EED2F7E551CA}.Release|Any CPU.Build.0 = Release|Any CPU
		{66BB51C7-9714-4F3F-9F69-EED2F7E551CA}.Release|x64.ActiveCfg = Release|Any CPU
		{66BB51C7-9714-4F3F-9F69-EED2F7E551CA}.Release|x64.Build.0 = Release|Any CPU
		{66BB51C7-9714-4F3F-9F69-EED2F7E551CA}.Release|x86.ActiveCfg = Release|Any CPU
		{66BB51C7-9714-4F3F-9F69-EED2F7E551CA}.Release|x86.Build.0 = Release|Any CPU
		{37A8B003-CA82-4A60-B08B-EC56DF83FF7D}.Debug|Any CPU.ActiveCfg = Debug|Any CPU
		{37A8B003-CA82-4A60-B08B-EC56DF83FF7D}.Debug|Any CPU.Build.0 = Debug|Any CPU
		{37A8B003-CA82-4A60-B08B-EC56DF83FF7D}.Debug|x64.ActiveCfg = Debug|Any CPU
		{37A8B003-CA82-4A60-B08B-EC56DF83FF7D}.Debug|x64.Build.0 = Debug|Any CPU
		{37A8B003-CA82-4A60-B08B-EC56DF83FF7D}.Debug|x86.ActiveCfg = Debug|Any CPU
		{37A8B003-CA82-4A60-B08B-EC56DF83FF7D}.Debug|x86.Build.0 = Debug|Any CPU
		{37A8B003-CA82-4A60-B08B-EC56DF83FF7D}.Release|Any CPU.ActiveCfg = Release|Any CPU
		{37A8B003-CA82-4A60-B08B-EC56DF83FF7D}.Release|Any CPU.Build.0 = Release|Any CPU
		{37A8B003-CA82-4A60-B08B-EC56DF83FF7D}.Release|x64.ActiveCfg = Release|Any CPU
		{37A8B003-CA82-4A60-B08B-EC56DF83FF7D}.Release|x64.Build.0 = Release|Any CPU
		{37A8B003-CA82-4A60-B08B-EC56DF83FF7D}.Release|x86.ActiveCfg = Release|Any CPU
		{37A8B003-CA82-4A60-B08B-EC56DF83FF7D}.Release|x86.Build.0 = Release|Any CPU
		{9BCC3944-D288-45C5-91F1-D5ADC11F1D4A}.Debug|Any CPU.ActiveCfg = Debug|Any CPU
		{9BCC3944-D288-45C5-91F1-D5ADC11F1D4A}.Debug|Any CPU.Build.0 = Debug|Any CPU
		{9BCC3944-D288-45C5-91F1-D5ADC11F1D4A}.Debug|x64.ActiveCfg = Debug|Any CPU
		{9BCC3944-D288-45C5-91F1-D5ADC11F1D4A}.Debug|x64.Build.0 = Debug|Any CPU
		{9BCC3944-D288-45C5-91F1-D5ADC11F1D4A}.Debug|x86.ActiveCfg = Debug|Any CPU
		{9BCC3944-D288-45C5-91F1-D5ADC11F1D4A}.Debug|x86.Build.0 = Debug|Any CPU
		{9BCC3944-D288-45C5-91F1-D5ADC11F1D4A}.Release|Any CPU.ActiveCfg = Release|Any CPU
		{9BCC3944-D288-45C5-91F1-D5ADC11F1D4A}.Release|Any CPU.Build.0 = Release|Any CPU
		{9BCC3944-D288-45C5-91F1-D5ADC11F1D4A}.Release|x64.ActiveCfg = Release|Any CPU
		{9BCC3944-D288-45C5-91F1-D5ADC11F1D4A}.Release|x64.Build.0 = Release|Any CPU
		{9BCC3944-D288-45C5-91F1-D5ADC11F1D4A}.Release|x86.ActiveCfg = Release|Any CPU
		{9BCC3944-D288-45C5-91F1-D5ADC11F1D4A}.Release|x86.Build.0 = Release|Any CPU
		{C561CCA4-2649-46FD-B7C7-5CB030D6CAA6}.Debug|Any CPU.ActiveCfg = Debug|Any CPU
		{C561CCA4-2649-46FD-B7C7-5CB030D6CAA6}.Debug|Any CPU.Build.0 = Debug|Any CPU
		{C561CCA4-2649-46FD-B7C7-5CB030D6CAA6}.Debug|x64.ActiveCfg = Debug|Any CPU
		{C561CCA4-2649-46FD-B7C7-5CB030D6CAA6}.Debug|x64.Build.0 = Debug|Any CPU
		{C561CCA4-2649-46FD-B7C7-5CB030D6CAA6}.Debug|x86.ActiveCfg = Debug|Any CPU
		{C561CCA4-2649-46FD-B7C7-5CB030D6CAA6}.Debug|x86.Build.0 = Debug|Any CPU
		{C561CCA4-2649-46FD-B7C7-5CB030D6CAA6}.Release|Any CPU.ActiveCfg = Release|Any CPU
		{C561CCA4-2649-46FD-B7C7-5CB030D6CAA6}.Release|Any CPU.Build.0 = Release|Any CPU
		{C561CCA4-2649-46FD-B7C7-5CB030D6CAA6}.Release|x64.ActiveCfg = Release|Any CPU
		{C561CCA4-2649-46FD-B7C7-5CB030D6CAA6}.Release|x64.Build.0 = Release|Any CPU
		{C561CCA4-2649-46FD-B7C7-5CB030D6CAA6}.Release|x86.ActiveCfg = Release|Any CPU
		{C561CCA4-2649-46FD-B7C7-5CB030D6CAA6}.Release|x86.Build.0 = Release|Any CPU
	EndGlobalSection
	GlobalSection(SolutionProperties) = preSolution
		HideSolutionNode = FALSE
	EndGlobalSection
	GlobalSection(NestedProjects) = preSolution
		{4F8EA090-7E28-422D-BC82-71E6EB665929} = {827E0CD3-B72D-47B6-A68D-7590B98EB39B}
		{AD3AA641-6EAB-4893-8114-5331A49AE778} = {827E0CD3-B72D-47B6-A68D-7590B98EB39B}
		{66BB51C7-9714-4F3F-9F69-EED2F7E551CA} = {827E0CD3-B72D-47B6-A68D-7590B98EB39B}
		{37A8B003-CA82-4A60-B08B-EC56DF83FF7D} = {827E0CD3-B72D-47B6-A68D-7590B98EB39B}
		{9BCC3944-D288-45C5-91F1-D5ADC11F1D4A} = {827E0CD3-B72D-47B6-A68D-7590B98EB39B}
		{C561CCA4-2649-46FD-B7C7-5CB030D6CAA6} = {827E0CD3-B72D-47B6-A68D-7590B98EB39B}
	EndGlobalSection
EndGlobal
